
Microsoft Visual Studio Solution File, Format Version 12.00
# Visual Studio Version 16
VisualStudioVersion = 16.0.31911.196
MinimumVisualStudioVersion = 10.0.40219.1
Project("{FAE04EC0-301F-11D3-BF4B-00C04F79EFBC}") = "KSiP3", "KSiP3\KSiP3.csproj", "{B44E17D2-A9E6-48E2-9357-220CF49870BB}"
EndProject
Global
	GlobalSection(SolutionConfigurationPlatforms) = preSolution
		Debug|Any CPU = Debug|Any CPU
		Release|Any CPU = Release|Any CPU
	EndGlobalSection
	GlobalSection(ProjectConfigurationPlatforms) = postSolution
		{B44E17D2-A9E6-48E2-9357-220CF49870BB}.Debug|Any CPU.ActiveCfg = Debug|Any CPU
		{B44E17D2-A9E6-48E2-9357-220CF49870BB}.Debug|Any CPU.Build.0 = Debug|Any CPU
		{B44E17D2-A9E6-48E2-9357-220CF49870BB}.Release|Any CPU.ActiveCfg = Release|Any CPU
		{B44E17D2-A9E6-48E2-9357-220CF49870BB}.Release|Any CPU.Build.0 = Release|Any CPU
	EndGlobalSection
	GlobalSection(SolutionProperties) = preSolution
		HideSolutionNode = FALSE
	EndGlobalSection
	GlobalSection(ExtensibilityGlobals) = postSolution
		SolutionGuid = {F23D5958-368B-4528-90C2-6467155E2B58}
	EndGlobalSection
EndGlobal
